{
    "_readme": [
        "This file locks the dependencies of your project to a known state",
        "Read more about it at https://getcomposer.org/doc/01-basic-usage.md#installing-dependencies",
        "This file is @generated automatically"
    ],
    "content-hash": "d3591213bd93d4426d06aca6ed5284ac",
    "packages": [
        {
            "name": "stripe/stripe-php",
            "version": "v7.40.0",
            "source": {
                "type": "git",
                "url": "https://github.com/stripe/stripe-php.git",
                "reference": "04aedea5ad95b9722aa394a41787751b2b478310"
            },
            "dist": {
                "type": "zip",
                "url": "https://api.github.com/repos/stripe/stripe-php/zipball/04aedea5ad95b9722aa394a41787751b2b478310",
                "reference": "04aedea5ad95b9722aa394a41787751b2b478310",
                "shasum": ""
            },
            "require": {
                "ext-curl": "*",
                "ext-json": "*",
                "ext-mbstring": "*",
                "php": ">=5.6.0"
            },
            "require-dev": {
                "friendsofphp/php-cs-fixer": "2.16.1",
                "php-coveralls/php-coveralls": "^2.1",
                "phpunit/phpunit": "^5.7",
                "squizlabs/php_codesniffer": "^3.3",
                "symfony/process": "~3.4"
            },
            "type": "library",
            "extra": {
                "branch-alias": {
                    "dev-master": "2.0-dev"
                }
            },
            "autoload": {
                "psr-4": {
                    "Stripe\\": "lib/"
                }
            },
            "notification-url": "https://packagist.org/downloads/",
            "license": [
                "MIT"
            ],
            "authors": [
                {
                    "name": "Stripe and contributors",
                    "homepage": "https://github.com/stripe/stripe-php/contributors"
                }
            ],
            "description": "Stripe PHP Library",
            "homepage": "https://stripe.com/",
            "keywords": [
                "api",
                "payment processing",
                "stripe"
            ],
            "time": "2020-07-06T17:51:30+00:00"
        },
        {
            "name": "wixel/gump",
            "version": "v1.11.0",
            "source": {
                "type": "git",
                "url": "https://github.com/Wixel/GUMP.git",
                "reference": "becdf2e7941ba56171063de81dd1c2100fa496f6"
            },
            "dist": {
                "type": "zip",
                "url": "https://api.github.com/repos/Wixel/GUMP/zipball/becdf2e7941ba56171063de81dd1c2100fa496f6",
                "reference": "becdf2e7941ba56171063de81dd1c2100fa496f6",
                "shasum": ""
            },
            "require": {
                "ext-json": "*",
                "ext-mbstring": "*",
                "php": ">=7.0"
            },
            "require-dev": {
                "kamermans/docblock-reflection": "^1.0",
                "maddhatter/markdown-table": "^1.0",
                "mockery/mockery": "^1.3",
                "php-coveralls/php-coveralls": "^2.2",
                "phpunit/phpunit": "^6"
            },
            "type": "library",
            "autoload": {
                "files": [
                    "gump.class.php"
                ],
                "psr-4": {
                    "GUMP\\": "src/"
                }
            },
            "notification-url": "https://packagist.org/downloads/",
            "license": [
                "MIT"
            ],
            "authors": [
                {
                    "name": "Sean Nieuwoudt",
                    "homepage": "https://wixelhq.com"
                },
                {
                    "name": "Filis Futsarov",
                    "homepage": "https://filis.me"
                }
            ],
            "description": "A fast, extensible & stand-alone PHP input validation class that allows you to validate any data.",
            "homepage": "https://wixelhq.com/",
            "keywords": [
                "validate",
                "validation",
                "validator"
            ],
            "time": "2020-03-17T20:10:57+00:00"
        }
    ],
    "packages-dev": [],
    "aliases": [],
    "minimum-stability": "stable",
    "stability-flags": [],
    "prefer-stable": false,
    "prefer-lowest": false,
    "platform": {
        "ext-json": "*"
    },
    "platform-dev": [],
    "plugin-api-version": "1.1.0"
}
